// !$*UTF8*$!
{
	archiveVersion = 1;
	classes = {
	};
	objectVersion = 46;
	objects = {

/* Begin PBXBuildFile section */
		F64C50F91ECCAF9900AC537C /* AppDelegate.swift in Sources */ = {isa = PBXBuildFile; fileRef = F64C50F81ECCAF9900AC537C /* AppDelegate.swift */; };
		F64C50FB1ECCAF9900AC537C /* ViewController.swift in Sources */ = {isa = PBXBuildFile; fileRef = F64C50FA1ECCAF9900AC537C /* ViewController.swift */; };
		F64C50FE1ECCAF9900AC537C /* Main.storyboard in Resources */ = {isa = PBXBuildFile; fileRef = F64C50FC1ECCAF9900AC537C /* Main.storyboard */; };
		F64C51001ECCAF9900AC537C /* Assets.xcassets in Resources */ = {isa = PBXBuildFile; fileRef = F64C50FF1ECCAF9900AC537C /* Assets.xcassets */; };
		F64C51031ECCAF9900AC537C /* LaunchScreen.storyboard in Resources */ = {isa = PBXBuildFile; fileRef = F64C51011ECCAF9900AC537C /* LaunchScreen.storyboard */; };
		F64C510B1ECCB02100AC537C /* MoviesTableViewController.swift in Sources */ = {isa = PBXBuildFile; fileRef = F64C510A1ECCB02100AC537C /* MoviesTableViewController.swift */; };
		F64C510F1ECCB04E00AC537C /* MovieDetailViewController.swift in Sources */ = {isa = PBXBuildFile; fileRef = F64C510E1ECCB04E00AC537C /* MovieDetailViewController.swift */; };
		F64C51111ECCB84800AC537C /* Movie.swift in Sources */ = {isa = PBXBuildFile; fileRef = F64C51101ECCB84800AC537C /* Movie.swift */; };
/* End PBXBuildFile section */

/* Begin PBXFileReference section */
		F64C50F51ECCAF9900AC537C /* MovieDB App.app */ = {isa = PBXFileReference; explicitFileType = wrapper.application; includeInIndex = 0; path = "MovieDB App.app"; sourceTree = BUILT_PRODUCTS_DIR; };
		F64C50F81ECCAF9900AC537C /* AppDelegate.swift */ = {isa = PBXFileReference; lastKnownFileType = sourcecode.swift; path = AppDelegate.swift; sourceTree = "<group>"; };
		F64C50FA1ECCAF9900AC537C /* ViewController.swift */ = {isa = PBXFileReference; lastKnownFileType = sourcecode.swift; path = ViewController.swift; sourceTree = "<group>"; };
		F64C50FD1ECCAF9900AC537C /* Base */ = {isa = PBXFileReference; lastKnownFileType = file.storyboard; name = Base; path = Base.lproj/Main.storyboard; sourceTree = "<group>"; };
		F64C50FF1ECCAF9900AC537C /* Assets.xcassets */ = {isa = PBXFileReference; lastKnownFileType = folder.assetcatalog; path = Assets.xcassets; sourceTree = "<group>"; };
		F64C51021ECCAF9900AC537C /* Base */ = {isa = PBXFileReference; lastKnownFileType = file.storyboard; name = Base; path = Base.lproj/LaunchScreen.storyboard; sourceTree = "<group>"; };
		F64C51041ECCAF9900AC537C /* Info.plist */ = {isa = PBXFileReference; lastKnownFileType = text.plist.xml; path = Info.plist; sourceTree = "<group>"; };
		F64C510A1ECCB02100AC537C /* MoviesTableViewController.swift */ = {isa = PBXFileReference; fileEncoding = 4; lastKnownFileType = sourcecode.swift; path = MoviesTableViewController.swift; sourceTree = "<group>"; };
		F64C510E1ECCB04E00AC537C /* MovieDetailViewController.swift */ = {isa = PBXFileReference; fileEncoding = 4; lastKnownFileType = sourcecode.swift; path = MovieDetailViewController.swift; sourceTree = "<group>"; };
		F64C51101ECCB84800AC537C /* Movie.swift */ = {isa = PBXFileReference; fileEncoding = 4; lastKnownFileType = sourcecode.swift; path = Movie.swift; sourceTree = "<group>"; };
/* End PBXFileReference section */

/* Begin PBXFrameworksBuildPhase section */
		F64C50F21ECCAF9900AC537C /* Frameworks */ = {
			isa = PBXFrameworksBuildPhase;
			buildActionMask = 2147483647;
			files = (
			);
			runOnlyForDeploymentPostprocessing = 0;
		};
/* End PBXFrameworksBuildPhase section */

/* Begin PBXGroup section */
		F64C50EC1ECCAF9900AC537C = {
			isa = PBXGroup;
			children = (
				F64C50F71ECCAF9900AC537C /* MovieDB App */,
				F64C50F61ECCAF9900AC537C /* Products */,
			);
			sourceTree = "<group>";
		};
		F64C50F61ECCAF9900AC537C /* Products */ = {
			isa = PBXGroup;
			children = (
				F64C50F51ECCAF9900AC537C /* MovieDB App.app */,
			);
			name = Products;
			sourceTree = "<group>";
		};
		F64C50F71ECCAF9900AC537C /* MovieDB App */ = {
			isa = PBXGroup;
			children = (
				F64C50F81ECCAF9900AC537C /* AppDelegate.swift */,
				F64C50FA1ECCAF9900AC537C /* ViewController.swift */,
				F64C50FC1ECCAF9900AC537C /* Main.storyboard */,
				F64C50FF1ECCAF9900AC537C /* Assets.xcassets */,
				F64C51011ECCAF9900AC537C /* LaunchScreen.storyboard */,
				F64C51041ECCAF9900AC537C /* Info.plist */,
				F64C510A1ECCB02100AC537C /* MoviesTableViewController.swift */,
				F64C510E1ECCB04E00AC537C /* MovieDetailViewController.swift */,
				F64C51101ECCB84800AC537C /* Movie.swift */,
			);
			path = "MovieDB App";
			sourceTree = "<group>";
		};
/* End PBXGroup section */

/* Begin PBXNativeTarget section */
		F64C50F41ECCAF9900AC537C /* MovieDB App */ = {
			isa = PBXNativeTarget;
			buildConfigurationList = F64C51071ECCAF9900AC537C /* Build configuration list for PBXNativeTarget "MovieDB App" */;
			buildPhases = (
				F64C50F11ECCAF9900AC537C /* Sources */,
				F64C50F21ECCAF9900AC537C /* Frameworks */,
				F64C50F31ECCAF9900AC537C /* Resources */,
			);
			buildRules = (
			);
			dependencies = (
			);
			name = "MovieDB App";
			productName = "MovieDB App";
			productReference = F64C50F51ECCAF9900AC537C /* MovieDB App.app */;
			productType = "com.apple.product-type.application";
		};
/* End PBXNativeTarget section */

/* Begin PBXProject section */
		F64C50ED1ECCAF9900AC537C /* Project object */ = {
			isa = PBXProject;
			attributes = {
				LastSwiftUpdateCheck = 0830;
				LastUpgradeCheck = 0830;
				ORGANIZATIONNAME = Huy;
				TargetAttributes = {
					F64C50F41ECCAF9900AC537C = {
						CreatedOnToolsVersion = 8.3.2;
						ProvisioningStyle = Automatic;
					};
				};
			};
			buildConfigurationList = F64C50F01ECCAF9900AC537C /* Build configuration list for PBXProject "MovieDB App" */;
			compatibilityVersion = "Xcode 3.2";
			developmentRegion = English;
			hasScannedForEncodings = 0;
			knownRegions = (
				en,
				Base,
			);
			mainGroup = F64C50EC1ECCAF9900AC537C;
			productRefGroup = F64C50F61ECCAF9900AC537C /* Products */;
			projectDirPath = "";
			projectRoot = "";
			targets = (
				F64C50F41ECCAF9900AC537C /* MovieDB App */,
			);
		};
/* End PBXProject section */

/* Begin PBXResourcesBuildPhase section */
		F64C50F31ECCAF9900AC537C /* Resources */ = {
			isa = PBXResourcesBuildPhase;
			buildActionMask = 2147483647;
			files = (
				F64C51031ECCAF9900AC537C /* LaunchScreen.storyboard in Resources */,
				F64C51001ECCAF9900AC537C /* Assets.xcassets in Resources */,
				F64C50FE1ECCAF9900AC537C /* Main.storyboard in Resources */,
			);
			runOnlyForDeploymentPostprocessing = 0;
		};
/* End PBXResourcesBuildPhase section */

/* Begin PBXSourcesBuildPhase section */
		F64C50F11ECCAF9900AC537C /* Sources */ = {
			isa = PBXSourcesBuildPhase;
			buildActionMask = 2147483647;
			files = (
				F64C510B1ECCB02100AC537C /* MoviesTableViewController.swift in Sources */,
				F64C510F1ECCB04E00AC537C /* MovieDetailViewController.swift in Sources */,
				F64C51111ECCB84800AC537C /* Movie.swift in Sources */,
				F64C50FB1ECCAF9900AC537C /* ViewController.swift in Sources */,
				F64C50F91ECCAF9900AC537C /* AppDelegate.swift in Sources */,
			);
			runOnlyForDeploymentPostprocessing = 0;
		};
/* End PBXSourcesBuildPhase section */

/* Begin PBXVariantGroup section */
		F64C50FC1ECCAF9900AC537C /* Main.storyboard */ = {
			isa = PBXVariantGroup;
			children = (
				F64C50FD1ECCAF9900AC537C /* Base */,
			);
			name = Main.storyboard;
			sourceTree = "<group>";
		};
		F64C51011ECCAF9900AC537C /* LaunchScreen.storyboard */ = {
			isa = PBXVariantGroup;
			children = (
				F64C51021ECCAF9900AC537C /* Base */,
			);
			name = LaunchScreen.storyboard;
			sourceTree = "<group>";
		};
/* End PBXVariantGroup section */

/* Begin XCBuildConfiguration section */
		F64C51051ECCAF9900AC537C /* Debug */ = {
			isa = XCBuildConfiguration;
			buildSettings = {
				ALWAYS_SEARCH_USER_PATHS = NO;
				CLANG_ANALYZER_NONNULL = YES;
				CLANG_ANALYZER_NUMBER_OBJECT_CONVERSION = YES_AGGRESSIVE;
				CLANG_CXX_LANGUAGE_STANDARD = "gnu++0x";
				CLANG_CXX_LIBRARY = "libc++";
				CLANG_ENABLE_MODULES = YES;
				CLANG_ENABLE_OBJC_ARC = YES;
				CLANG_WARN_BOOL_CONVERSION = YES;
				CLANG_WARN_CONSTANT_CONVERSION = YES;
				CLANG_WARN_DIRECT_OBJC_ISA_USAGE = YES_ERROR;
				CLANG_WARN_DOCUMENTATION_COMMENTS = YES;
				CLANG_WARN_EMPTY_BODY = YES;
				CLANG_WARN_ENUM_CONVERSION = YES;
				CLANG_WARN_INFINITE_RECURSION = YES;
				CLANG_WARN_INT_CONVERSION = YES;
				CLANG_WARN_OBJC_ROOT_CLASS = YES_ERROR;
				CLANG_WARN_SUSPICIOUS_MOVE = YES;
				CLANG_WARN_UNREACHABLE_CODE = YES;
				CLANG_WARN__DUPLICATE_METHOD_MATCH = YES;
				"CODE_SIGN_IDENTITY[sdk=iphoneos*]" = "iPhone Developer";
				COPY_PHASE_STRIP = NO;
				DEBUG_INFORMATION_FORMAT = dwarf;
				ENABLE_STRICT_OBJC_MSGSEND = YES;
				ENABLE_TESTABILITY = YES;
				GCC_C_LANGUAGE_STANDARD = gnu99;
				GCC_DYNAMIC_NO_PIC = NO;
				GCC_NO_COMMON_BLOCKS = YES;
				GCC_OPTIMIZATION_LEVEL = 0;
				GCC_PREPROCESSOR_DEFINITIONS = (
					"DEBUG=1",
					"$(inherited)",
				);
				GCC_WARN_64_TO_32_BIT_CONVERSION = YES;
				GCC_WARN_ABOUT_RETURN_TYPE = YES_ERROR;
				GCC_WARN_UNDECLARED_SELECTOR = YES;
				GCC_WARN_UNINITIALIZED_AUTOS = YES_AGGRESSIVE;
				GCC_WARN_UNUSED_FUNCTION = YES;
				GCC_WARN_UNUSED_VARIABLE = YES;
				IPHONEOS_DEPLOYMENT_TARGET = 10.3;
				MTL_ENABLE_DEBUG_INFO = YES;
				ONLY_ACTIVE_ARCH = YES;
				SDKROOT = iphoneos;
				SWIFT_ACTIVE_COMPILATION_CONDITIONS = DEBUG;
				SWIFT_OPTIMIZATION_LEVEL = "-Onone";
				TARGETED_DEVICE_FAMILY = "1,2";
			};
			name = Debug;
		};
		F64C51061ECCAF9900AC537C /* Release */ = {
			isa = XCBuildConfiguration;
			buildSettings = {
				ALWAYS_SEARCH_USER_PATHS = NO;
				CLANG_ANALYZER_NONNULL = YES;
				CLANG_ANALYZER_NUMBER_OBJECT_CONVERSION = YES_AGGRESSIVE;
				CLANG_CXX_LANGUAGE_STANDARD = "gnu++0x";
				CLANG_CXX_LIBRARY = "libc++";
				CLANG_ENABLE_MODULES = YES;
				CLANG_ENABLE_OBJC_ARC = YES;
				CLANG_WARN_BOOL_CONVERSION = YES;
				CLANG_WARN_CONSTANT_CONVERSION = YES;
				CLANG_WARN_DIRECT_OBJC_ISA_USAGE = YES_ERROR;
				CLANG_WARN_DOCUMENTATION_COMMENTS = YES;
				CLANG_WARN_EMPTY_BODY = YES;
				CLANG_WARN_ENUM_CONVERSION = YES;
				CLANG_WARN_INFINITE_RECURSION = YES;
				CLANG_WARN_INT_CONVERSION = YES;
				CLANG_WARN_OBJC_ROOT_CLASS = YES_ERROR;
				CLANG_WARN_SUSPICIOUS_MOVE = YES;
				CLANG_WARN_UNREACHABLE_CODE = YES;
				CLANG_WARN__DUPLICATE_METHOD_MATCH = YES;
				"CODE_SIGN_IDENTITY[sdk=iphoneos*]" = "iPhone Developer";
				COPY_PHASE_STRIP = NO;
				DEBUG_INFORMATION_FORMAT = "dwarf-with-dsym";
				ENABLE_NS_ASSERTIONS = NO;
				ENABLE_STRICT_OBJC_MSGSEND = YES;
				GCC_C_LANGUAGE_STANDARD = gnu99;
				GCC_NO_COMMON_BLOCKS = YES;
				GCC_WARN_64_TO_32_BIT_CONVERSION = YES;
				GCC_WARN_ABOUT_RETURN_TYPE = YES_ERROR;
				GCC_WARN_UNDECLARED_SELECTOR = YES;
				GCC_WARN_UNINITIALIZED_AUTOS = YES_AGGRESSIVE;
				GCC_WARN_UNUSED_FUNCTION = YES;
				GCC_WARN_UNUSED_VARIABLE = YES;
				IPHONEOS_DEPLOYMENT_TARGET = 10.3;
				MTL_ENABLE_DEBUG_INFO = NO;
				SDKROOT = iphoneos;
				SWIFT_OPTIMIZATION_LEVEL = "-Owholemodule";
				TARGETED_DEVICE_FAMILY = "1,2";
				VALIDATE_PRODUCT = YES;
			};
			name = Release;
		};
		F64C51081ECCAF9900AC537C /* Debug */ = {
			isa = XCBuildConfiguration;
			buildSettings = {
				ASSETCATALOG_COMPILER_APPICON_NAME = AppIcon;
				INFOPLIST_FILE = "MovieDB App/Info.plist";
				LD_RUNPATH_SEARCH_PATHS = "$(inherited) @executable_path/Frameworks";
				PRODUCT_BUNDLE_IDENTIFIER = "Huy.MovieDB-App";
				PRODUCT_NAME = "$(TARGET_NAME)";
				SWIFT_VERSION = 3.0;
			};
			name = Debug;
		};
		F64C51091ECCAF9900AC537C /* Release */ = {
			isa = XCBuildConfiguration;
			buildSettings = {
				ASSETCATALOG_COMPILER_APPICON_NAME = AppIcon;
				INFOPLIST_FILE = "MovieDB App/Info.plist";
				LD_RUNPATH_SEARCH_PATHS = "$(inherited) @executable_path/Frameworks";
				PRODUCT_BUNDLE_IDENTIFIER = "Huy.MovieDB-App";
				PRODUCT_NAME = "$(TARGET_NAME)";
				SWIFT_VERSION = 3.0;
			};
			name = Release;
		};
/* End XCBuildConfiguration section */

/* Begin XCConfigurationList section */
		F64C50F01ECCAF9900AC537C /* Build configuration list for PBXProject "MovieDB App" */ = {
			isa = XCConfigurationList;
			buildConfigurations = (
				F64C51051ECCAF9900AC537C /* Debug */,
				F64C51061ECCAF9900AC537C /* Release */,
			);
			defaultConfigurationIsVisible = 0;
			defaultConfigurationName = Release;
		};
		F64C51071ECCAF9900AC537C /* Build configuration list for PBXNativeTarget "MovieDB App" */ = {
			isa = XCConfigurationList;
			buildConfigurations = (
				F64C51081ECCAF9900AC537C /* Debug */,
				F64C51091ECCAF9900AC537C /* Release */,
			);
			defaultConfigurationIsVisible = 0;
			defaultConfigurationName = Release;
		};
/* End XCConfigurationList section */
	};
	rootObject = F64C50ED1ECCAF9900AC537C /* Project object */;
}
